
Microsoft Visual Studio Solution File, Format Version 12.00
# Visual Studio Version 16
VisualStudioVersion = 16.0.34031.81
MinimumVisualStudioVersion = 10.0.40219.1
Project("{FAE04EC0-301F-11D3-BF4B-00C04F79EFBC}") = "GarageUI", "GarageUI\GarageUI.csproj", "{15D09AF7-B60B-48E5-981C-571DF7865CC3}"
EndProject
Project("{FAE04EC0-301F-11D3-BF4B-00C04F79EFBC}") = "GarageLogic", "GarageLogic\GarageLogic.csproj", "{4E3E4EA0-B4DA-4365-8942-80D15D94A1B9}"
EndProject
Global
	GlobalSection(SolutionConfigurationPlatforms) = preSolution
		Debug|Any CPU = Debug|Any CPU
		Release|Any CPU = Release|Any CPU
	EndGlobalSection
	GlobalSection(ProjectConfigurationPlatforms) = postSolution
		{15D09AF7-B60B-48E5-981C-571DF7865CC3}.Debug|Any CPU.ActiveCfg = Debug|Any CPU
		{15D09AF7-B60B-48E5-981C-571DF7865CC3}.Debug|Any CPU.Build.0 = Debug|Any CPU
		{15D09AF7-B60B-48E5-981C-571DF7865CC3}.Release|Any CPU.ActiveCfg = Release|Any CPU
		{15D09AF7-B60B-48E5-981C-571DF7865CC3}.Release|Any CPU.Build.0 = Release|Any CPU
		{4E3E4EA0-B4DA-4365-8942-80D15D94A1B9}.Debug|Any CPU.ActiveCfg = Debug|Any CPU
		{4E3E4EA0-B4DA-4365-8942-80D15D94A1B9}.Debug|Any CPU.Build.0 = Debug|Any CPU
		{4E3E4EA0-B4DA-4365-8942-80D15D94A1B9}.Release|Any CPU.ActiveCfg = Release|Any CPU
		{4E3E4EA0-B4DA-4365-8942-80D15D94A1B9}.Release|Any CPU.Build.0 = Release|Any CPU
	EndGlobalSection
	GlobalSection(SolutionProperties) = preSolution
		HideSolutionNode = FALSE
	EndGlobalSection
	GlobalSection(ExtensibilityGlobals) = postSolution
		SolutionGuid = {FC271264-7D48-4B9F-8583-FA615FDB8465}
	EndGlobalSection
EndGlobal
